{
  "requires": true,
  "lockfileVersion": 1,
  "dependencies": {
    "vue-single-select": {
      "version": "1.0.10",
      "resolved": "https://registry.npmjs.org/vue-single-select/-/vue-single-select-1.0.10.tgz",
      "integrity": "sha512-4cXJezv3ahCLtYij5x+KHxKeUNF7Lm4JxBKbszwFQHAPs4szMx7SicGbfDe7kdTgGj4wAFoAJjR2OTIkHISHYQ=="
    }
  }
}
